
Microsoft Visual Studio Solution File, Format Version 12.00
# Visual Studio Version 17
VisualStudioVersion = 17.3.32929.385
MinimumVisualStudioVersion = 10.0.40219.1
Project("{FAE04EC0-301F-11D3-BF4B-00C04F79EFBC}") = "Task1", "Task1\Task1.csproj", "{2322C0FA-35D2-43EF-A83B-E52AC931A773}"
EndProject
Project("{FAE04EC0-301F-11D3-BF4B-00C04F79EFBC}") = "Task2", "Task2\Task2.csproj", "{62348806-0857-4CC7-A786-BB77F0087747}"
EndProject
Global
	GlobalSection(SolutionConfigurationPlatforms) = preSolution
		Debug|Any CPU = Debug|Any CPU
		Release|Any CPU = Release|Any CPU
	EndGlobalSection
	GlobalSection(ProjectConfigurationPlatforms) = postSolution
		{2322C0FA-35D2-43EF-A83B-E52AC931A773}.Debug|Any CPU.ActiveCfg = Debug|Any CPU
		{2322C0FA-35D2-43EF-A83B-E52AC931A773}.Debug|Any CPU.Build.0 = Debug|Any CPU
		{2322C0FA-35D2-43EF-A83B-E52AC931A773}.Release|Any CPU.ActiveCfg = Release|Any CPU
		{2322C0FA-35D2-43EF-A83B-E52AC931A773}.Release|Any CPU.Build.0 = Release|Any CPU
		{62348806-0857-4CC7-A786-BB77F0087747}.Debug|Any CPU.ActiveCfg = Debug|Any CPU
		{62348806-0857-4CC7-A786-BB77F0087747}.Debug|Any CPU.Build.0 = Debug|Any CPU
		{62348806-0857-4CC7-A786-BB77F0087747}.Release|Any CPU.ActiveCfg = Release|Any CPU
		{62348806-0857-4CC7-A786-BB77F0087747}.Release|Any CPU.Build.0 = Release|Any CPU
	EndGlobalSection
	GlobalSection(SolutionProperties) = preSolution
		HideSolutionNode = FALSE
	EndGlobalSection
	GlobalSection(ExtensibilityGlobals) = postSolution
		SolutionGuid = {C089140D-FB3F-4A0A-8890-631BD22E3C2F}
	EndGlobalSection
EndGlobal
